// !$*UTF8*$!
{
	archiveVersion = 1;
	classes = {
	};
	objectVersion = 46;
	objects = {

/* Begin PBXBuildFile section */
		34C632401EE1762100105D71 /* AppDelegate.swift in Sources */ = {isa = PBXBuildFile; fileRef = 34C6323F1EE1762100105D71 /* AppDelegate.swift */; };
		34C632421EE1762100105D71 /* CollectionViewController.swift in Sources */ = {isa = PBXBuildFile; fileRef = 34C632411EE1762100105D71 /* CollectionViewController.swift */; };
		34C632451EE1762100105D71 /* Main.storyboard in Resources */ = {isa = PBXBuildFile; fileRef = 34C632431EE1762100105D71 /* Main.storyboard */; };
		34C632481EE1762100105D71 /* URLSession_Task.xcdatamodeld in Sources */ = {isa = PBXBuildFile; fileRef = 34C632461EE1762100105D71 /* URLSession_Task.xcdatamodeld */; };
		34C6324A1EE1762200105D71 /* Assets.xcassets in Resources */ = {isa = PBXBuildFile; fileRef = 34C632491EE1762200105D71 /* Assets.xcassets */; };
		34C6324D1EE1762200105D71 /* LaunchScreen.storyboard in Resources */ = {isa = PBXBuildFile; fileRef = 34C6324B1EE1762200105D71 /* LaunchScreen.storyboard */; };
		34C632581EE1762200105D71 /* URLSession_TaskTests.swift in Sources */ = {isa = PBXBuildFile; fileRef = 34C632571EE1762200105D71 /* URLSession_TaskTests.swift */; };
		34C632631EE1762200105D71 /* URLSession_TaskUITests.swift in Sources */ = {isa = PBXBuildFile; fileRef = 34C632621EE1762200105D71 /* URLSession_TaskUITests.swift */; };
		34C6327F1EE18A4800105D71 /* CollectionViewCell.swift in Sources */ = {isa = PBXBuildFile; fileRef = 34C6327E1EE18A4700105D71 /* CollectionViewCell.swift */; };
		34C632811EE1932000105D71 /* ImageURLStream.swift in Sources */ = {isa = PBXBuildFile; fileRef = 34C632801EE1931F00105D71 /* ImageURLStream.swift */; };
		34C632831EE199DD00105D71 /* DateExtension.swift in Sources */ = {isa = PBXBuildFile; fileRef = 34C632821EE199DD00105D71 /* DateExtension.swift */; };
/* End PBXBuildFile section */

/* Begin PBXContainerItemProxy section */
		34C632541EE1762200105D71 /* PBXContainerItemProxy */ = {
			isa = PBXContainerItemProxy;
			containerPortal = 34C632341EE1761E00105D71 /* Project object */;
			proxyType = 1;
			remoteGlobalIDString = 34C6323B1EE1762000105D71;
			remoteInfo = "URLSession-Task";
		};
		34C6325F1EE1762200105D71 /* PBXContainerItemProxy */ = {
			isa = PBXContainerItemProxy;
			containerPortal = 34C632341EE1761E00105D71 /* Project object */;
			proxyType = 1;
			remoteGlobalIDString = 34C6323B1EE1762000105D71;
			remoteInfo = "URLSession-Task";
		};
/* End PBXContainerItemProxy section */

/* Begin PBXFileReference section */
		34C6323C1EE1762000105D71 /* URLSession-Task.app */ = {isa = PBXFileReference; explicitFileType = wrapper.application; includeInIndex = 0; path = "URLSession-Task.app"; sourceTree = BUILT_PRODUCTS_DIR; };
		34C6323F1EE1762100105D71 /* AppDelegate.swift */ = {isa = PBXFileReference; lastKnownFileType = sourcecode.swift; path = AppDelegate.swift; sourceTree = "<group>"; };
		34C632411EE1762100105D71 /* CollectionViewController.swift */ = {isa = PBXFileReference; lastKnownFileType = sourcecode.swift; path = CollectionViewController.swift; sourceTree = "<group>"; };
		34C632441EE1762100105D71 /* Base */ = {isa = PBXFileReference; lastKnownFileType = file.storyboard; name = Base; path = Base.lproj/Main.storyboard; sourceTree = "<group>"; };
		34C632471EE1762100105D71 /* URLSession_Task.xcdatamodel */ = {isa = PBXFileReference; lastKnownFileType = wrapper.xcdatamodel; path = URLSession_Task.xcdatamodel; sourceTree = "<group>"; };
		34C632491EE1762200105D71 /* Assets.xcassets */ = {isa = PBXFileReference; lastKnownFileType = folder.assetcatalog; path = Assets.xcassets; sourceTree = "<group>"; };
		34C6324C1EE1762200105D71 /* Base */ = {isa = PBXFileReference; lastKnownFileType = file.storyboard; name = Base; path = Base.lproj/LaunchScreen.storyboard; sourceTree = "<group>"; };
		34C6324E1EE1762200105D71 /* Info.plist */ = {isa = PBXFileReference; lastKnownFileType = text.plist.xml; path = Info.plist; sourceTree = "<group>"; };
		34C632531EE1762200105D71 /* URLSession-TaskTests.xctest */ = {isa = PBXFileReference; explicitFileType = wrapper.cfbundle; includeInIndex = 0; path = "URLSession-TaskTests.xctest"; sourceTree = BUILT_PRODUCTS_DIR; };
		34C632571EE1762200105D71 /* URLSession_TaskTests.swift */ = {isa = PBXFileReference; lastKnownFileType = sourcecode.swift; path = URLSession_TaskTests.swift; sourceTree = "<group>"; };
		34C632591EE1762200105D71 /* Info.plist */ = {isa = PBXFileReference; lastKnownFileType = text.plist.xml; path = Info.plist; sourceTree = "<group>"; };
		34C6325E1EE1762200105D71 /* URLSession-TaskUITests.xctest */ = {isa = PBXFileReference; explicitFileType = wrapper.cfbundle; includeInIndex = 0; path = "URLSession-TaskUITests.xctest"; sourceTree = BUILT_PRODUCTS_DIR; };
		34C632621EE1762200105D71 /* URLSession_TaskUITests.swift */ = {isa = PBXFileReference; lastKnownFileType = sourcecode.swift; path = URLSession_TaskUITests.swift; sourceTree = "<group>"; };
		34C632641EE1762200105D71 /* Info.plist */ = {isa = PBXFileReference; lastKnownFileType = text.plist.xml; path = Info.plist; sourceTree = "<group>"; };
		34C6327E1EE18A4700105D71 /* CollectionViewCell.swift */ = {isa = PBXFileReference; fileEncoding = 4; lastKnownFileType = sourcecode.swift; path = CollectionViewCell.swift; sourceTree = "<group>"; };
		34C632801EE1931F00105D71 /* ImageURLStream.swift */ = {isa = PBXFileReference; fileEncoding = 4; lastKnownFileType = sourcecode.swift; path = ImageURLStream.swift; sourceTree = "<group>"; };
		34C632821EE199DD00105D71 /* DateExtension.swift */ = {isa = PBXFileReference; fileEncoding = 4; lastKnownFileType = sourcecode.swift; path = DateExtension.swift; sourceTree = "<group>"; };
/* End PBXFileReference section */

/* Begin PBXFrameworksBuildPhase section */
		34C632391EE1762000105D71 /* Frameworks */ = {
			isa = PBXFrameworksBuildPhase;
			buildActionMask = 2147483647;
			files = (
			);
			runOnlyForDeploymentPostprocessing = 0;
		};
		34C632501EE1762200105D71 /* Frameworks */ = {
			isa = PBXFrameworksBuildPhase;
			buildActionMask = 2147483647;
			files = (
			);
			runOnlyForDeploymentPostprocessing = 0;
		};
		34C6325B1EE1762200105D71 /* Frameworks */ = {
			isa = PBXFrameworksBuildPhase;
			buildActionMask = 2147483647;
			files = (
			);
			runOnlyForDeploymentPostprocessing = 0;
		};
/* End PBXFrameworksBuildPhase section */

/* Begin PBXGroup section */
		34C632331EE1761E00105D71 = {
			isa = PBXGroup;
			children = (
				34C6323E1EE1762000105D71 /* URLSession-Task */,
				34C632561EE1762200105D71 /* URLSession-TaskTests */,
				34C632611EE1762200105D71 /* URLSession-TaskUITests */,
				34C6323D1EE1762000105D71 /* Products */,
			);
			sourceTree = "<group>";
		};
		34C6323D1EE1762000105D71 /* Products */ = {
			isa = PBXGroup;
			children = (
				34C6323C1EE1762000105D71 /* URLSession-Task.app */,
				34C632531EE1762200105D71 /* URLSession-TaskTests.xctest */,
				34C6325E1EE1762200105D71 /* URLSession-TaskUITests.xctest */,
			);
			name = Products;
			sourceTree = "<group>";
		};
		34C6323E1EE1762000105D71 /* URLSession-Task */ = {
			isa = PBXGroup;
			children = (
				34C632841EE1A1BF00105D71 /* Extensions */,
				34C6323F1EE1762100105D71 /* AppDelegate.swift */,
				34C632411EE1762100105D71 /* CollectionViewController.swift */,
				34C6327E1EE18A4700105D71 /* CollectionViewCell.swift */,
				34C632431EE1762100105D71 /* Main.storyboard */,
				34C632491EE1762200105D71 /* Assets.xcassets */,
				34C6324B1EE1762200105D71 /* LaunchScreen.storyboard */,
				34C6324E1EE1762200105D71 /* Info.plist */,
				34C632461EE1762100105D71 /* URLSession_Task.xcdatamodeld */,
			);
			path = "URLSession-Task";
			sourceTree = "<group>";
		};
		34C632561EE1762200105D71 /* URLSession-TaskTests */ = {
			isa = PBXGroup;
			children = (
				34C632571EE1762200105D71 /* URLSession_TaskTests.swift */,
				34C632591EE1762200105D71 /* Info.plist */,
			);
			path = "URLSession-TaskTests";
			sourceTree = "<group>";
		};
		34C632611EE1762200105D71 /* URLSession-TaskUITests */ = {
			isa = PBXGroup;
			children = (
				34C632621EE1762200105D71 /* URLSession_TaskUITests.swift */,
				34C632641EE1762200105D71 /* Info.plist */,
			);
			path = "URLSession-TaskUITests";
			sourceTree = "<group>";
		};
		34C632841EE1A1BF00105D71 /* Extensions */ = {
			isa = PBXGroup;
			children = (
				34C632801EE1931F00105D71 /* ImageURLStream.swift */,
				34C632821EE199DD00105D71 /* DateExtension.swift */,
			);
			name = Extensions;
			sourceTree = "<group>";
		};
/* End PBXGroup section */

/* Begin PBXNativeTarget section */
		34C6323B1EE1762000105D71 /* URLSession-Task */ = {
			isa = PBXNativeTarget;
			buildConfigurationList = 34C632671EE1762200105D71 /* Build configuration list for PBXNativeTarget "URLSession-Task" */;
			buildPhases = (
				34C632381EE1762000105D71 /* Sources */,
				34C632391EE1762000105D71 /* Frameworks */,
				34C6323A1EE1762000105D71 /* Resources */,
			);
			buildRules = (
			);
			dependencies = (
			);
			name = "URLSession-Task";
			productName = "URLSession-Task";
			productReference = 34C6323C1EE1762000105D71 /* URLSession-Task.app */;
			productType = "com.apple.product-type.application";
		};
		34C632521EE1762200105D71 /* URLSession-TaskTests */ = {
			isa = PBXNativeTarget;
			buildConfigurationList = 34C6326A1EE1762200105D71 /* Build configuration list for PBXNativeTarget "URLSession-TaskTests" */;
			buildPhases = (
				34C6324F1EE1762200105D71 /* Sources */,
				34C632501EE1762200105D71 /* Frameworks */,
				34C632511EE1762200105D71 /* Resources */,
			);
			buildRules = (
			);
			dependencies = (
				34C632551EE1762200105D71 /* PBXTargetDependency */,
			);
			name = "URLSession-TaskTests";
			productName = "URLSession-TaskTests";
			productReference = 34C632531EE1762200105D71 /* URLSession-TaskTests.xctest */;
			productType = "com.apple.product-type.bundle.unit-test";
		};
		34C6325D1EE1762200105D71 /* URLSession-TaskUITests */ = {
			isa = PBXNativeTarget;
			buildConfigurationList = 34C6326D1EE1762200105D71 /* Build configuration list for PBXNativeTarget "URLSession-TaskUITests" */;
			buildPhases = (
				34C6325A1EE1762200105D71 /* Sources */,
				34C6325B1EE1762200105D71 /* Frameworks */,
				34C6325C1EE1762200105D71 /* Resources */,
			);
			buildRules = (
			);
			dependencies = (
				34C632601EE1762200105D71 /* PBXTargetDependency */,
			);
			name = "URLSession-TaskUITests";
			productName = "URLSession-TaskUITests";
			productReference = 34C6325E1EE1762200105D71 /* URLSession-TaskUITests.xctest */;
			productType = "com.apple.product-type.bundle.ui-testing";
		};
/* End PBXNativeTarget section */

/* Begin PBXProject section */
		34C632341EE1761E00105D71 /* Project object */ = {
			isa = PBXProject;
			attributes = {
				LastSwiftUpdateCheck = 0830;
				LastUpgradeCheck = 0830;
				ORGANIZATIONNAME = Jeremiah;
				TargetAttributes = {
					34C6323B1EE1762000105D71 = {
						CreatedOnToolsVersion = 8.3.1;
						ProvisioningStyle = Automatic;
					};
					34C632521EE1762200105D71 = {
						CreatedOnToolsVersion = 8.3.1;
						ProvisioningStyle = Automatic;
						TestTargetID = 34C6323B1EE1762000105D71;
					};
					34C6325D1EE1762200105D71 = {
						CreatedOnToolsVersion = 8.3.1;
						ProvisioningStyle = Automatic;
						TestTargetID = 34C6323B1EE1762000105D71;
					};
				};
			};
			buildConfigurationList = 34C632371EE1761E00105D71 /* Build configuration list for PBXProject "URLSession-Task" */;
			compatibilityVersion = "Xcode 3.2";
			developmentRegion = English;
			hasScannedForEncodings = 0;
			knownRegions = (
				en,
				Base,
			);
			mainGroup = 34C632331EE1761E00105D71;
			productRefGroup = 34C6323D1EE1762000105D71 /* Products */;
			projectDirPath = "";
			projectRoot = "";
			targets = (
				34C6323B1EE1762000105D71 /* URLSession-Task */,
				34C632521EE1762200105D71 /* URLSession-TaskTests */,
				34C6325D1EE1762200105D71 /* URLSession-TaskUITests */,
			);
		};
/* End PBXProject section */

/* Begin PBXResourcesBuildPhase section */
		34C6323A1EE1762000105D71 /* Resources */ = {
			isa = PBXResourcesBuildPhase;
			buildActionMask = 2147483647;
			files = (
				34C6324D1EE1762200105D71 /* LaunchScreen.storyboard in Resources */,
				34C6324A1EE1762200105D71 /* Assets.xcassets in Resources */,
				34C632451EE1762100105D71 /* Main.storyboard in Resources */,
			);
			runOnlyForDeploymentPostprocessing = 0;
		};
		34C632511EE1762200105D71 /* Resources */ = {
			isa = PBXResourcesBuildPhase;
			buildActionMask = 2147483647;
			files = (
			);
			runOnlyForDeploymentPostprocessing = 0;
		};
		34C6325C1EE1762200105D71 /* Resources */ = {
			isa = PBXResourcesBuildPhase;
			buildActionMask = 2147483647;
			files = (
			);
			runOnlyForDeploymentPostprocessing = 0;
		};
/* End PBXResourcesBuildPhase section */

/* Begin PBXSourcesBuildPhase section */
		34C632381EE1762000105D71 /* Sources */ = {
			isa = PBXSourcesBuildPhase;
			buildActionMask = 2147483647;
			files = (
				34C6327F1EE18A4800105D71 /* CollectionViewCell.swift in Sources */,
				34C632831EE199DD00105D71 /* DateExtension.swift in Sources */,
				34C632811EE1932000105D71 /* ImageURLStream.swift in Sources */,
				34C632421EE1762100105D71 /* CollectionViewController.swift in Sources */,
				34C632401EE1762100105D71 /* AppDelegate.swift in Sources */,
				34C632481EE1762100105D71 /* URLSession_Task.xcdatamodeld in Sources */,
			);
			runOnlyForDeploymentPostprocessing = 0;
		};
		34C6324F1EE1762200105D71 /* Sources */ = {
			isa = PBXSourcesBuildPhase;
			buildActionMask = 2147483647;
			files = (
				34C632581EE1762200105D71 /* URLSession_TaskTests.swift in Sources */,
			);
			runOnlyForDeploymentPostprocessing = 0;
		};
		34C6325A1EE1762200105D71 /* Sources */ = {
			isa = PBXSourcesBuildPhase;
			buildActionMask = 2147483647;
			files = (
				34C632631EE1762200105D71 /* URLSession_TaskUITests.swift in Sources */,
			);
			runOnlyForDeploymentPostprocessing = 0;
		};
/* End PBXSourcesBuildPhase section */

/* Begin PBXTargetDependency section */
		34C632551EE1762200105D71 /* PBXTargetDependency */ = {
			isa = PBXTargetDependency;
			target = 34C6323B1EE1762000105D71 /* URLSession-Task */;
			targetProxy = 34C632541EE1762200105D71 /* PBXContainerItemProxy */;
		};
		34C632601EE1762200105D71 /* PBXTargetDependency */ = {
			isa = PBXTargetDependency;
			target = 34C6323B1EE1762000105D71 /* URLSession-Task */;
			targetProxy = 34C6325F1EE1762200105D71 /* PBXContainerItemProxy */;
		};
/* End PBXTargetDependency section */

/* Begin PBXVariantGroup section */
		34C632431EE1762100105D71 /* Main.storyboard */ = {
			isa = PBXVariantGroup;
			children = (
				34C632441EE1762100105D71 /* Base */,
			);
			name = Main.storyboard;
			sourceTree = "<group>";
		};
		34C6324B1EE1762200105D71 /* LaunchScreen.storyboard */ = {
			isa = PBXVariantGroup;
			children = (
				34C6324C1EE1762200105D71 /* Base */,
			);
			name = LaunchScreen.storyboard;
			sourceTree = "<group>";
		};
/* End PBXVariantGroup section */

/* Begin XCBuildConfiguration section */
		34C632651EE1762200105D71 /* Debug */ = {
			isa = XCBuildConfiguration;
			buildSettings = {
				ALWAYS_SEARCH_USER_PATHS = NO;
				CLANG_ANALYZER_NONNULL = YES;
				CLANG_ANALYZER_NUMBER_OBJECT_CONVERSION = YES_AGGRESSIVE;
				CLANG_CXX_LANGUAGE_STANDARD = "gnu++0x";
				CLANG_CXX_LIBRARY = "libc++";
				CLANG_ENABLE_MODULES = YES;
				CLANG_ENABLE_OBJC_ARC = YES;
				CLANG_WARN_BOOL_CONVERSION = YES;
				CLANG_WARN_CONSTANT_CONVERSION = YES;
				CLANG_WARN_DIRECT_OBJC_ISA_USAGE = YES_ERROR;
				CLANG_WARN_DOCUMENTATION_COMMENTS = YES;
				CLANG_WARN_EMPTY_BODY = YES;
				CLANG_WARN_ENUM_CONVERSION = YES;
				CLANG_WARN_INFINITE_RECURSION = YES;
				CLANG_WARN_INT_CONVERSION = YES;
				CLANG_WARN_OBJC_ROOT_CLASS = YES_ERROR;
				CLANG_WARN_SUSPICIOUS_MOVE = YES;
				CLANG_WARN_UNREACHABLE_CODE = YES;
				CLANG_WARN__DUPLICATE_METHOD_MATCH = YES;
				"CODE_SIGN_IDENTITY[sdk=iphoneos*]" = "iPhone Developer";
				COPY_PHASE_STRIP = NO;
				DEBUG_INFORMATION_FORMAT = dwarf;
				ENABLE_STRICT_OBJC_MSGSEND = YES;
				ENABLE_TESTABILITY = YES;
				GCC_C_LANGUAGE_STANDARD = gnu99;
				GCC_DYNAMIC_NO_PIC = NO;
				GCC_NO_COMMON_BLOCKS = YES;
				GCC_OPTIMIZATION_LEVEL = 0;
				GCC_PREPROCESSOR_DEFINITIONS = (
					"DEBUG=1",
					"$(inherited)",
				);
				GCC_WARN_64_TO_32_BIT_CONVERSION = YES;
				GCC_WARN_ABOUT_RETURN_TYPE = YES_ERROR;
				GCC_WARN_UNDECLARED_SELECTOR = YES;
				GCC_WARN_UNINITIALIZED_AUTOS = YES_AGGRESSIVE;
				GCC_WARN_UNUSED_FUNCTION = YES;
				GCC_WARN_UNUSED_VARIABLE = YES;
				IPHONEOS_DEPLOYMENT_TARGET = 10.3;
				MTL_ENABLE_DEBUG_INFO = YES;
				ONLY_ACTIVE_ARCH = YES;
				SDKROOT = iphoneos;
				SWIFT_ACTIVE_COMPILATION_CONDITIONS = DEBUG;
				SWIFT_OPTIMIZATION_LEVEL = "-Onone";
				TARGETED_DEVICE_FAMILY = "1,2";
			};
			name = Debug;
		};
		34C632661EE1762200105D71 /* Release */ = {
			isa = XCBuildConfiguration;
			buildSettings = {
				ALWAYS_SEARCH_USER_PATHS = NO;
				CLANG_ANALYZER_NONNULL = YES;
				CLANG_ANALYZER_NUMBER_OBJECT_CONVERSION = YES_AGGRESSIVE;
				CLANG_CXX_LANGUAGE_STANDARD = "gnu++0x";
				CLANG_CXX_LIBRARY = "libc++";
				CLANG_ENABLE_MODULES = YES;
				CLANG_ENABLE_OBJC_ARC = YES;
				CLANG_WARN_BOOL_CONVERSION = YES;
				CLANG_WARN_CONSTANT_CONVERSION = YES;
				CLANG_WARN_DIRECT_OBJC_ISA_USAGE = YES_ERROR;
				CLANG_WARN_DOCUMENTATION_COMMENTS = YES;
				CLANG_WARN_EMPTY_BODY = YES;
				CLANG_WARN_ENUM_CONVERSION = YES;
				CLANG_WARN_INFINITE_RECURSION = YES;
				CLANG_WARN_INT_CONVERSION = YES;
				CLANG_WARN_OBJC_ROOT_CLASS = YES_ERROR;
				CLANG_WARN_SUSPICIOUS_MOVE = YES;
				CLANG_WARN_UNREACHABLE_CODE = YES;
				CLANG_WARN__DUPLICATE_METHOD_MATCH = YES;
				"CODE_SIGN_IDENTITY[sdk=iphoneos*]" = "iPhone Developer";
				COPY_PHASE_STRIP = NO;
				DEBUG_INFORMATION_FORMAT = "dwarf-with-dsym";
				ENABLE_NS_ASSERTIONS = NO;
				ENABLE_STRICT_OBJC_MSGSEND = YES;
				GCC_C_LANGUAGE_STANDARD = gnu99;
				GCC_NO_COMMON_BLOCKS = YES;
				GCC_WARN_64_TO_32_BIT_CONVERSION = YES;
				GCC_WARN_ABOUT_RETURN_TYPE = YES_ERROR;
				GCC_WARN_UNDECLARED_SELECTOR = YES;
				GCC_WARN_UNINITIALIZED_AUTOS = YES_AGGRESSIVE;
				GCC_WARN_UNUSED_FUNCTION = YES;
				GCC_WARN_UNUSED_VARIABLE = YES;
				IPHONEOS_DEPLOYMENT_TARGET = 10.3;
				MTL_ENABLE_DEBUG_INFO = NO;
				SDKROOT = iphoneos;
				SWIFT_OPTIMIZATION_LEVEL = "-Owholemodule";
				TARGETED_DEVICE_FAMILY = "1,2";
				VALIDATE_PRODUCT = YES;
			};
			name = Release;
		};
		34C632681EE1762200105D71 /* Debug */ = {
			isa = XCBuildConfiguration;
			buildSettings = {
				ASSETCATALOG_COMPILER_APPICON_NAME = AppIcon;
				INFOPLIST_FILE = "URLSession-Task/Info.plist";
				LD_RUNPATH_SEARCH_PATHS = "$(inherited) @executable_path/Frameworks";
				PRODUCT_BUNDLE_IDENTIFIER = "Core.URLSession-Task";
				PRODUCT_NAME = "$(TARGET_NAME)";
				SWIFT_VERSION = 3.0;
			};
			name = Debug;
		};
		34C632691EE1762200105D71 /* Release */ = {
			isa = XCBuildConfiguration;
			buildSettings = {
				ASSETCATALOG_COMPILER_APPICON_NAME = AppIcon;
				INFOPLIST_FILE = "URLSession-Task/Info.plist";
				LD_RUNPATH_SEARCH_PATHS = "$(inherited) @executable_path/Frameworks";
				PRODUCT_BUNDLE_IDENTIFIER = "Core.URLSession-Task";
				PRODUCT_NAME = "$(TARGET_NAME)";
				SWIFT_VERSION = 3.0;
			};
			name = Release;
		};
		34C6326B1EE1762200105D71 /* Debug */ = {
			isa = XCBuildConfiguration;
			buildSettings = {
				ALWAYS_EMBED_SWIFT_STANDARD_LIBRARIES = YES;
				BUNDLE_LOADER = "$(TEST_HOST)";
				INFOPLIST_FILE = "URLSession-TaskTests/Info.plist";
				LD_RUNPATH_SEARCH_PATHS = "$(inherited) @executable_path/Frameworks @loader_path/Frameworks";
				PRODUCT_BUNDLE_IDENTIFIER = "Core.URLSession-TaskTests";
				PRODUCT_NAME = "$(TARGET_NAME)";
				SWIFT_VERSION = 3.0;
				TEST_HOST = "$(BUILT_PRODUCTS_DIR)/URLSession-Task.app/URLSession-Task";
			};
			name = Debug;
		};
		34C6326C1EE1762200105D71 /* Release */ = {
			isa = XCBuildConfiguration;
			buildSettings = {
				ALWAYS_EMBED_SWIFT_STANDARD_LIBRARIES = YES;
				BUNDLE_LOADER = "$(TEST_HOST)";
				INFOPLIST_FILE = "URLSession-TaskTests/Info.plist";
				LD_RUNPATH_SEARCH_PATHS = "$(inherited) @executable_path/Frameworks @loader_path/Frameworks";
				PRODUCT_BUNDLE_IDENTIFIER = "Core.URLSession-TaskTests";
				PRODUCT_NAME = "$(TARGET_NAME)";
				SWIFT_VERSION = 3.0;
				TEST_HOST = "$(BUILT_PRODUCTS_DIR)/URLSession-Task.app/URLSession-Task";
			};
			name = Release;
		};
		34C6326E1EE1762200105D71 /* Debug */ = {
			isa = XCBuildConfiguration;
			buildSettings = {
				ALWAYS_EMBED_SWIFT_STANDARD_LIBRARIES = YES;
				INFOPLIST_FILE = "URLSession-TaskUITests/Info.plist";
				LD_RUNPATH_SEARCH_PATHS = "$(inherited) @executable_path/Frameworks @loader_path/Frameworks";
				PRODUCT_BUNDLE_IDENTIFIER = "Core.URLSession-TaskUITests";
				PRODUCT_NAME = "$(TARGET_NAME)";
				SWIFT_VERSION = 3.0;
				TEST_TARGET_NAME = "URLSession-Task";
			};
			name = Debug;
		};
		34C6326F1EE1762200105D71 /* Release */ = {
			isa = XCBuildConfiguration;
			buildSettings = {
				ALWAYS_EMBED_SWIFT_STANDARD_LIBRARIES = YES;
				INFOPLIST_FILE = "URLSession-TaskUITests/Info.plist";
				LD_RUNPATH_SEARCH_PATHS = "$(inherited) @executable_path/Frameworks @loader_path/Frameworks";
				PRODUCT_BUNDLE_IDENTIFIER = "Core.URLSession-TaskUITests";
				PRODUCT_NAME = "$(TARGET_NAME)";
				SWIFT_VERSION = 3.0;
				TEST_TARGET_NAME = "URLSession-Task";
			};
			name = Release;
		};
/* End XCBuildConfiguration section */

/* Begin XCConfigurationList section */
		34C632371EE1761E00105D71 /* Build configuration list for PBXProject "URLSession-Task" */ = {
			isa = XCConfigurationList;
			buildConfigurations = (
				34C632651EE1762200105D71 /* Debug */,
				34C632661EE1762200105D71 /* Release */,
			);
			defaultConfigurationIsVisible = 0;
			defaultConfigurationName = Release;
		};
		34C632671EE1762200105D71 /* Build configuration list for PBXNativeTarget "URLSession-Task" */ = {
			isa = XCConfigurationList;
			buildConfigurations = (
				34C632681EE1762200105D71 /* Debug */,
				34C632691EE1762200105D71 /* Release */,
			);
			defaultConfigurationIsVisible = 0;
			defaultConfigurationName = Release;
		};
		34C6326A1EE1762200105D71 /* Build configuration list for PBXNativeTarget "URLSession-TaskTests" */ = {
			isa = XCConfigurationList;
			buildConfigurations = (
				34C6326B1EE1762200105D71 /* Debug */,
				34C6326C1EE1762200105D71 /* Release */,
			);
			defaultConfigurationIsVisible = 0;
			defaultConfigurationName = Release;
		};
		34C6326D1EE1762200105D71 /* Build configuration list for PBXNativeTarget "URLSession-TaskUITests" */ = {
			isa = XCConfigurationList;
			buildConfigurations = (
				34C6326E1EE1762200105D71 /* Debug */,
				34C6326F1EE1762200105D71 /* Release */,
			);
			defaultConfigurationIsVisible = 0;
			defaultConfigurationName = Release;
		};
/* End XCConfigurationList section */

/* Begin XCVersionGroup section */
		34C632461EE1762100105D71 /* URLSession_Task.xcdatamodeld */ = {
			isa = XCVersionGroup;
			children = (
				34C632471EE1762100105D71 /* URLSession_Task.xcdatamodel */,
			);
			currentVersion = 34C632471EE1762100105D71 /* URLSession_Task.xcdatamodel */;
			path = URLSession_Task.xcdatamodeld;
			sourceTree = "<group>";
			versionGroupType = wrapper.xcdatamodel;
		};
/* End XCVersionGroup section */
	};
	rootObject = 34C632341EE1761E00105D71 /* Project object */;
}
